// !$*UTF8*$!
{
	archiveVersion = 1;
	classes = {
	};
	objectVersion = 46;
	objects = {

/* Begin PBXBuildFile section */
		69A7393E20178CF6009A9FBB /* AppDelegate.swift in Sources */ = {isa = PBXBuildFile; fileRef = 69A7393D20178CF6009A9FBB /* AppDelegate.swift */; };
		69A7394020178CF6009A9FBB /* ViewController.swift in Sources */ = {isa = PBXBuildFile; fileRef = 69A7393F20178CF6009A9FBB /* ViewController.swift */; };
		69A7394320178CF6009A9FBB /* Main.storyboard in Resources */ = {isa = PBXBuildFile; fileRef = 69A7394120178CF6009A9FBB /* Main.storyboard */; };
		69A7394520178CF6009A9FBB /* Assets.xcassets in Resources */ = {isa = PBXBuildFile; fileRef = 69A7394420178CF6009A9FBB /* Assets.xcassets */; };
		69A7394820178CF6009A9FBB /* LaunchScreen.storyboard in Resources */ = {isa = PBXBuildFile; fileRef = 69A7394620178CF6009A9FBB /* LaunchScreen.storyboard */; };
/* End PBXBuildFile section */

/* Begin PBXFileReference section */
		69A7393A20178CF6009A9FBB /* Animating Label.app */ = {isa = PBXFileReference; explicitFileType = wrapper.application; includeInIndex = 0; path = "Animating Label.app"; sourceTree = BUILT_PRODUCTS_DIR; };
		69A7393D20178CF6009A9FBB /* AppDelegate.swift */ = {isa = PBXFileReference; lastKnownFileType = sourcecode.swift; path = AppDelegate.swift; sourceTree = "<group>"; };
		69A7393F20178CF6009A9FBB /* ViewController.swift */ = {isa = PBXFileReference; lastKnownFileType = sourcecode.swift; path = ViewController.swift; sourceTree = "<group>"; };
		69A7394220178CF6009A9FBB /* Base */ = {isa = PBXFileReference; lastKnownFileType = file.storyboard; name = Base; path = Base.lproj/Main.storyboard; sourceTree = "<group>"; };
		69A7394420178CF6009A9FBB /* Assets.xcassets */ = {isa = PBXFileReference; lastKnownFileType = folder.assetcatalog; path = Assets.xcassets; sourceTree = "<group>"; };
		69A7394720178CF6009A9FBB /* Base */ = {isa = PBXFileReference; lastKnownFileType = file.storyboard; name = Base; path = Base.lproj/LaunchScreen.storyboard; sourceTree = "<group>"; };
		69A7394920178CF6009A9FBB /* Info.plist */ = {isa = PBXFileReference; lastKnownFileType = text.plist.xml; path = Info.plist; sourceTree = "<group>"; };
/* End PBXFileReference section */

/* Begin PBXFrameworksBuildPhase section */
		69A7393720178CF6009A9FBB /* Frameworks */ = {
			isa = PBXFrameworksBuildPhase;
			buildActionMask = 2147483647;
			files = (
			);
			runOnlyForDeploymentPostprocessing = 0;
		};
/* End PBXFrameworksBuildPhase section */

/* Begin PBXGroup section */
		69A7393120178CF6009A9FBB = {
			isa = PBXGroup;
			children = (
				69A7393C20178CF6009A9FBB /* Animating Label */,
				69A7393B20178CF6009A9FBB /* Products */,
			);
			sourceTree = "<group>";
		};
		69A7393B20178CF6009A9FBB /* Products */ = {
			isa = PBXGroup;
			children = (
				69A7393A20178CF6009A9FBB /* Animating Label.app */,
			);
			name = Products;
			sourceTree = "<group>";
		};
		69A7393C20178CF6009A9FBB /* Animating Label */ = {
			isa = PBXGroup;
			children = (
				69A7393D20178CF6009A9FBB /* AppDelegate.swift */,
				69A7393F20178CF6009A9FBB /* ViewController.swift */,
				69A7394120178CF6009A9FBB /* Main.storyboard */,
				69A7394420178CF6009A9FBB /* Assets.xcassets */,
				69A7394620178CF6009A9FBB /* LaunchScreen.storyboard */,
				69A7394920178CF6009A9FBB /* Info.plist */,
			);
			path = "Animating Label";
			sourceTree = "<group>";
		};
/* End PBXGroup section */

/* Begin PBXNativeTarget section */
		69A7393920178CF6009A9FBB /* Animating Label */ = {
			isa = PBXNativeTarget;
			buildConfigurationList = 69A7394C20178CF6009A9FBB /* Build configuration list for PBXNativeTarget "Animating Label" */;
			buildPhases = (
				69A7393620178CF6009A9FBB /* Sources */,
				69A7393720178CF6009A9FBB /* Frameworks */,
				69A7393820178CF6009A9FBB /* Resources */,
			);
			buildRules = (
			);
			dependencies = (
			);
			name = "Animating Label";
			productName = "Animating Label";
			productReference = 69A7393A20178CF6009A9FBB /* Animating Label.app */;
			productType = "com.apple.product-type.application";
		};
/* End PBXNativeTarget section */

/* Begin PBXProject section */
		69A7393220178CF6009A9FBB /* Project object */ = {
			isa = PBXProject;
			attributes = {
				LastSwiftUpdateCheck = 0830;
				LastUpgradeCheck = 0830;
				ORGANIZATIONNAME = FARIDO;
				TargetAttributes = {
					69A7393920178CF6009A9FBB = {
						CreatedOnToolsVersion = 8.3.3;
						ProvisioningStyle = Automatic;
					};
				};
			};
			buildConfigurationList = 69A7393520178CF6009A9FBB /* Build configuration list for PBXProject "Animating Label" */;
			compatibilityVersion = "Xcode 3.2";
			developmentRegion = English;
			hasScannedForEncodings = 0;
			knownRegions = (
				en,
				Base,
			);
			mainGroup = 69A7393120178CF6009A9FBB;
			productRefGroup = 69A7393B20178CF6009A9FBB /* Products */;
			projectDirPath = "";
			projectRoot = "";
			targets = (
				69A7393920178CF6009A9FBB /* Animating Label */,
			);
		};
/* End PBXProject section */

/* Begin PBXResourcesBuildPhase section */
		69A7393820178CF6009A9FBB /* Resources */ = {
			isa = PBXResourcesBuildPhase;
			buildActionMask = 2147483647;
			files = (
				69A7394820178CF6009A9FBB /* LaunchScreen.storyboard in Resources */,
				69A7394520178CF6009A9FBB /* Assets.xcassets in Resources */,
				69A7394320178CF6009A9FBB /* Main.storyboard in Resources */,
			);
			runOnlyForDeploymentPostprocessing = 0;
		};
/* End PBXResourcesBuildPhase section */

/* Begin PBXSourcesBuildPhase section */
		69A7393620178CF6009A9FBB /* Sources */ = {
			isa = PBXSourcesBuildPhase;
			buildActionMask = 2147483647;
			files = (
				69A7394020178CF6009A9FBB /* ViewController.swift in Sources */,
				69A7393E20178CF6009A9FBB /* AppDelegate.swift in Sources */,
			);
			runOnlyForDeploymentPostprocessing = 0;
		};
/* End PBXSourcesBuildPhase section */

/* Begin PBXVariantGroup section */
		69A7394120178CF6009A9FBB /* Main.storyboard */ = {
			isa = PBXVariantGroup;
			children = (
				69A7394220178CF6009A9FBB /* Base */,
			);
			name = Main.storyboard;
			sourceTree = "<group>";
		};
		69A7394620178CF6009A9FBB /* LaunchScreen.storyboard */ = {
			isa = PBXVariantGroup;
			children = (
				69A7394720178CF6009A9FBB /* Base */,
			);
			name = LaunchScreen.storyboard;
			sourceTree = "<group>";
		};
/* End PBXVariantGroup section */

/* Begin XCBuildConfiguration section */
		69A7394A20178CF6009A9FBB /* Debug */ = {
			isa = XCBuildConfiguration;
			buildSettings = {
				ALWAYS_SEARCH_USER_PATHS = NO;
				CLANG_ANALYZER_NONNULL = YES;
				CLANG_ANALYZER_NUMBER_OBJECT_CONVERSION = YES_AGGRESSIVE;
				CLANG_CXX_LANGUAGE_STANDARD = "gnu++0x";
				CLANG_CXX_LIBRARY = "libc++";
				CLANG_ENABLE_MODULES = YES;
				CLANG_ENABLE_OBJC_ARC = YES;
				CLANG_WARN_BOOL_CONVERSION = YES;
				CLANG_WARN_CONSTANT_CONVERSION = YES;
				CLANG_WARN_DIRECT_OBJC_ISA_USAGE = YES_ERROR;
				CLANG_WARN_DOCUMENTATION_COMMENTS = YES;
				CLANG_WARN_EMPTY_BODY = YES;
				CLANG_WARN_ENUM_CONVERSION = YES;
				CLANG_WARN_INFINITE_RECURSION = YES;
				CLANG_WARN_INT_CONVERSION = YES;
				CLANG_WARN_OBJC_ROOT_CLASS = YES_ERROR;
				CLANG_WARN_SUSPICIOUS_MOVE = YES;
				CLANG_WARN_UNREACHABLE_CODE = YES;
				CLANG_WARN__DUPLICATE_METHOD_MATCH = YES;
				"CODE_SIGN_IDENTITY[sdk=iphoneos*]" = "iPhone Developer";
				COPY_PHASE_STRIP = NO;
				DEBUG_INFORMATION_FORMAT = dwarf;
				ENABLE_STRICT_OBJC_MSGSEND = YES;
				ENABLE_TESTABILITY = YES;
				GCC_C_LANGUAGE_STANDARD = gnu99;
				GCC_DYNAMIC_NO_PIC = NO;
				GCC_NO_COMMON_BLOCKS = YES;
				GCC_OPTIMIZATION_LEVEL = 0;
				GCC_PREPROCESSOR_DEFINITIONS = (
					"DEBUG=1",
					"$(inherited)",
				);
				GCC_WARN_64_TO_32_BIT_CONVERSION = YES;
				GCC_WARN_ABOUT_RETURN_TYPE = YES_ERROR;
				GCC_WARN_UNDECLARED_SELECTOR = YES;
				GCC_WARN_UNINITIALIZED_AUTOS = YES_AGGRESSIVE;
				GCC_WARN_UNUSED_FUNCTION = YES;
				GCC_WARN_UNUSED_VARIABLE = YES;
				IPHONEOS_DEPLOYMENT_TARGET = 10.3;
				MTL_ENABLE_DEBUG_INFO = YES;
				ONLY_ACTIVE_ARCH = YES;
				SDKROOT = iphoneos;
				SWIFT_ACTIVE_COMPILATION_CONDITIONS = DEBUG;
				SWIFT_OPTIMIZATION_LEVEL = "-Onone";
				TARGETED_DEVICE_FAMILY = "1,2";
			};
			name = Debug;
		};
		69A7394B20178CF6009A9FBB /* Release */ = {
			isa = XCBuildConfiguration;
			buildSettings = {
				ALWAYS_SEARCH_USER_PATHS = NO;
				CLANG_ANALYZER_NONNULL = YES;
				CLANG_ANALYZER_NUMBER_OBJECT_CONVERSION = YES_AGGRESSIVE;
				CLANG_CXX_LANGUAGE_STANDARD = "gnu++0x";
				CLANG_CXX_LIBRARY = "libc++";
				CLANG_ENABLE_MODULES = YES;
				CLANG_ENABLE_OBJC_ARC = YES;
				CLANG_WARN_BOOL_CONVERSION = YES;
				CLANG_WARN_CONSTANT_CONVERSION = YES;
				CLANG_WARN_DIRECT_OBJC_ISA_USAGE = YES_ERROR;
				CLANG_WARN_DOCUMENTATION_COMMENTS = YES;
				CLANG_WARN_EMPTY_BODY = YES;
				CLANG_WARN_ENUM_CONVERSION = YES;
				CLANG_WARN_INFINITE_RECURSION = YES;
				CLANG_WARN_INT_CONVERSION = YES;
				CLANG_WARN_OBJC_ROOT_CLASS = YES_ERROR;
				CLANG_WARN_SUSPICIOUS_MOVE = YES;
				CLANG_WARN_UNREACHABLE_CODE = YES;
				CLANG_WARN__DUPLICATE_METHOD_MATCH = YES;
				"CODE_SIGN_IDENTITY[sdk=iphoneos*]" = "iPhone Developer";
				COPY_PHASE_STRIP = NO;
				DEBUG_INFORMATION_FORMAT = "dwarf-with-dsym";
				ENABLE_NS_ASSERTIONS = NO;
				ENABLE_STRICT_OBJC_MSGSEND = YES;
				GCC_C_LANGUAGE_STANDARD = gnu99;
				GCC_NO_COMMON_BLOCKS = YES;
				GCC_WARN_64_TO_32_BIT_CONVERSION = YES;
				GCC_WARN_ABOUT_RETURN_TYPE = YES_ERROR;
				GCC_WARN_UNDECLARED_SELECTOR = YES;
				GCC_WARN_UNINITIALIZED_AUTOS = YES_AGGRESSIVE;
				GCC_WARN_UNUSED_FUNCTION = YES;
				GCC_WARN_UNUSED_VARIABLE = YES;
				IPHONEOS_DEPLOYMENT_TARGET = 10.3;
				MTL_ENABLE_DEBUG_INFO = NO;
				SDKROOT = iphoneos;
				SWIFT_OPTIMIZATION_LEVEL = "-Owholemodule";
				TARGETED_DEVICE_FAMILY = "1,2";
				VALIDATE_PRODUCT = YES;
			};
			name = Release;
		};
		69A7394D20178CF6009A9FBB /* Debug */ = {
			isa = XCBuildConfiguration;
			buildSettings = {
				ASSETCATALOG_COMPILER_APPICON_NAME = AppIcon;
				INFOPLIST_FILE = "Animating Label/Info.plist";
				LD_RUNPATH_SEARCH_PATHS = "$(inherited) @executable_path/Frameworks";
				PRODUCT_BUNDLE_IDENTIFIER = "com.farid.Mohar.Animating-Label";
				PRODUCT_NAME = "$(TARGET_NAME)";
				SWIFT_VERSION = 3.0;
			};
			name = Debug;
		};
		69A7394E20178CF6009A9FBB /* Release */ = {
			isa = XCBuildConfiguration;
			buildSettings = {
				ASSETCATALOG_COMPILER_APPICON_NAME = AppIcon;
				INFOPLIST_FILE = "Animating Label/Info.plist";
				LD_RUNPATH_SEARCH_PATHS = "$(inherited) @executable_path/Frameworks";
				PRODUCT_BUNDLE_IDENTIFIER = "com.farid.Mohar.Animating-Label";
				PRODUCT_NAME = "$(TARGET_NAME)";
				SWIFT_VERSION = 3.0;
			};
			name = Release;
		};
/* End XCBuildConfiguration section */

/* Begin XCConfigurationList section */
		69A7393520178CF6009A9FBB /* Build configuration list for PBXProject "Animating Label" */ = {
			isa = XCConfigurationList;
			buildConfigurations = (
				69A7394A20178CF6009A9FBB /* Debug */,
				69A7394B20178CF6009A9FBB /* Release */,
			);
			defaultConfigurationIsVisible = 0;
			defaultConfigurationName = Release;
		};
		69A7394C20178CF6009A9FBB /* Build configuration list for PBXNativeTarget "Animating Label" */ = {
			isa = XCConfigurationList;
			buildConfigurations = (
				69A7394D20178CF6009A9FBB /* Debug */,
				69A7394E20178CF6009A9FBB /* Release */,
			);
			defaultConfigurationIsVisible = 0;
		};
/* End XCConfigurationList section */
	};
	rootObject = 69A7393220178CF6009A9FBB /* Project object */;
}
